{
  "name": "presentacion_react",
  "version": "0.1.0",
  "lockfileVersion": 1,
  "requires": true,
  "dependencies": {
    "react-data-grid": {
      "version": "2.0.78",
      "resolved": "https://registry.npmjs.org/react-data-grid/-/react-data-grid-2.0.78.tgz",
      "integrity": "sha1-+d3kioBNGdookW732qCaWKvmM8Y="
    }
  }
}
